
Microsoft Visual Studio Solution File, Format Version 12.00
Project("{FAE04EC0-301F-11D3-BF4B-00C04F79EFBC}") = "Algorithms.V1", "Algorithms.V1\Algorithms.V1.csproj", "{293D1E32-0410-42FE-92F1-D9F617DE6BF6}"
EndProject
Project("{FAE04EC0-301F-11D3-BF4B-00C04F79EFBC}") = "Algorithms.V2", "Algorithms.V2\Algorithms.V2.csproj", "{FF66C25A-D7CF-4334-8549-729C8285CADE}"
EndProject
Project("{FAE04EC0-301F-11D3-BF4B-00C04F79EFBC}") = "Algorithms.V3", "Algorithms.V3\Algorithms.V3.csproj", "{6BEA926D-F4D1-4608-B309-C282569D9467}"
EndProject
Project("{FAE04EC0-301F-11D3-BF4B-00C04F79EFBC}") = "Algorithms.V4", "Algorithms.V4\Algorithms.V4.csproj", "{1FB25526-A876-480A-97FD-06E48FFB05CA}"
EndProject
Global
	GlobalSection(SolutionConfigurationPlatforms) = preSolution
		Debug|Any CPU = Debug|Any CPU
		Release|Any CPU = Release|Any CPU
	EndGlobalSection
	GlobalSection(ProjectConfigurationPlatforms) = postSolution
		{293D1E32-0410-42FE-92F1-D9F617DE6BF6}.Debug|Any CPU.ActiveCfg = Debug|Any CPU
		{293D1E32-0410-42FE-92F1-D9F617DE6BF6}.Debug|Any CPU.Build.0 = Debug|Any CPU
		{293D1E32-0410-42FE-92F1-D9F617DE6BF6}.Release|Any CPU.ActiveCfg = Release|Any CPU
		{293D1E32-0410-42FE-92F1-D9F617DE6BF6}.Release|Any CPU.Build.0 = Release|Any CPU
		{FF66C25A-D7CF-4334-8549-729C8285CADE}.Debug|Any CPU.ActiveCfg = Debug|Any CPU
		{FF66C25A-D7CF-4334-8549-729C8285CADE}.Debug|Any CPU.Build.0 = Debug|Any CPU
		{FF66C25A-D7CF-4334-8549-729C8285CADE}.Release|Any CPU.ActiveCfg = Release|Any CPU
		{FF66C25A-D7CF-4334-8549-729C8285CADE}.Release|Any CPU.Build.0 = Release|Any CPU
		{6BEA926D-F4D1-4608-B309-C282569D9467}.Debug|Any CPU.ActiveCfg = Debug|Any CPU
		{6BEA926D-F4D1-4608-B309-C282569D9467}.Debug|Any CPU.Build.0 = Debug|Any CPU
		{6BEA926D-F4D1-4608-B309-C282569D9467}.Release|Any CPU.ActiveCfg = Release|Any CPU
		{6BEA926D-F4D1-4608-B309-C282569D9467}.Release|Any CPU.Build.0 = Release|Any CPU
		{1FB25526-A876-480A-97FD-06E48FFB05CA}.Debug|Any CPU.ActiveCfg = Debug|Any CPU
		{1FB25526-A876-480A-97FD-06E48FFB05CA}.Debug|Any CPU.Build.0 = Debug|Any CPU
		{1FB25526-A876-480A-97FD-06E48FFB05CA}.Release|Any CPU.ActiveCfg = Release|Any CPU
		{1FB25526-A876-480A-97FD-06E48FFB05CA}.Release|Any CPU.Build.0 = Release|Any CPU
	EndGlobalSection
EndGlobal
